// !$*UTF8*$!
{
	archiveVersion = 1;
	classes = {
	};
	objectVersion = 56;
	objects = {

/* Begin PBXBuildFile section */
		11A36CA329354F270006081A /* BeerPunkApp.swift in Sources */ = {isa = PBXBuildFile; fileRef = 11A36CA229354F270006081A /* BeerPunkApp.swift */; };
		11A36CA529354F270006081A /* ContentView.swift in Sources */ = {isa = PBXBuildFile; fileRef = 11A36CA429354F270006081A /* ContentView.swift */; };
		11A36CA729354F280006081A /* Assets.xcassets in Resources */ = {isa = PBXBuildFile; fileRef = 11A36CA629354F280006081A /* Assets.xcassets */; };
		11A36CAA29354F280006081A /* Preview Assets.xcassets in Resources */ = {isa = PBXBuildFile; fileRef = 11A36CA929354F280006081A /* Preview Assets.xcassets */; };
		11A36CB429354F290006081A /* BeerPunkTests.swift in Sources */ = {isa = PBXBuildFile; fileRef = 11A36CB329354F290006081A /* BeerPunkTests.swift */; };
		11A36CBE29354F290006081A /* BeerPunkUITests.swift in Sources */ = {isa = PBXBuildFile; fileRef = 11A36CBD29354F290006081A /* BeerPunkUITests.swift */; };
		11A36CC029354F290006081A /* BeerPunkUITestsLaunchTests.swift in Sources */ = {isa = PBXBuildFile; fileRef = 11A36CBF29354F290006081A /* BeerPunkUITestsLaunchTests.swift */; };
/* End PBXBuildFile section */

/* Begin PBXContainerItemProxy section */
		11A36CB029354F290006081A /* PBXContainerItemProxy */ = {
			isa = PBXContainerItemProxy;
			containerPortal = 11A36C9729354F270006081A /* Project object */;
			proxyType = 1;
			remoteGlobalIDString = 11A36C9E29354F270006081A;
			remoteInfo = BeerPunk;
		};
		11A36CBA29354F290006081A /* PBXContainerItemProxy */ = {
			isa = PBXContainerItemProxy;
			containerPortal = 11A36C9729354F270006081A /* Project object */;
			proxyType = 1;
			remoteGlobalIDString = 11A36C9E29354F270006081A;
			remoteInfo = BeerPunk;
		};
/* End PBXContainerItemProxy section */

/* Begin PBXFileReference section */
		11A36C9F29354F270006081A /* BeerPunk.app */ = {isa = PBXFileReference; explicitFileType = wrapper.application; includeInIndex = 0; path = BeerPunk.app; sourceTree = BUILT_PRODUCTS_DIR; };
		11A36CA229354F270006081A /* BeerPunkApp.swift */ = {isa = PBXFileReference; lastKnownFileType = sourcecode.swift; path = BeerPunkApp.swift; sourceTree = "<group>"; };
		11A36CA429354F270006081A /* ContentView.swift */ = {isa = PBXFileReference; lastKnownFileType = sourcecode.swift; path = ContentView.swift; sourceTree = "<group>"; };
		11A36CA629354F280006081A /* Assets.xcassets */ = {isa = PBXFileReference; lastKnownFileType = folder.assetcatalog; path = Assets.xcassets; sourceTree = "<group>"; };
		11A36CA929354F280006081A /* Preview Assets.xcassets */ = {isa = PBXFileReference; lastKnownFileType = folder.assetcatalog; path = "Preview Assets.xcassets"; sourceTree = "<group>"; };
		11A36CAF29354F290006081A /* BeerPunkTests.xctest */ = {isa = PBXFileReference; explicitFileType = wrapper.cfbundle; includeInIndex = 0; path = BeerPunkTests.xctest; sourceTree = BUILT_PRODUCTS_DIR; };
		11A36CB329354F290006081A /* BeerPunkTests.swift */ = {isa = PBXFileReference; lastKnownFileType = sourcecode.swift; path = BeerPunkTests.swift; sourceTree = "<group>"; };
		11A36CB929354F290006081A /* BeerPunkUITests.xctest */ = {isa = PBXFileReference; explicitFileType = wrapper.cfbundle; includeInIndex = 0; path = BeerPunkUITests.xctest; sourceTree = BUILT_PRODUCTS_DIR; };
		11A36CBD29354F290006081A /* BeerPunkUITests.swift */ = {isa = PBXFileReference; lastKnownFileType = sourcecode.swift; path = BeerPunkUITests.swift; sourceTree = "<group>"; };
		11A36CBF29354F290006081A /* BeerPunkUITestsLaunchTests.swift */ = {isa = PBXFileReference; lastKnownFileType = sourcecode.swift; path = BeerPunkUITestsLaunchTests.swift; sourceTree = "<group>"; };
/* End PBXFileReference section */

/* Begin PBXFrameworksBuildPhase section */
		11A36C9C29354F270006081A /* Frameworks */ = {
			isa = PBXFrameworksBuildPhase;
			buildActionMask = 2147483647;
			files = (
			);
			runOnlyForDeploymentPostprocessing = 0;
		};
		11A36CAC29354F290006081A /* Frameworks */ = {
			isa = PBXFrameworksBuildPhase;
			buildActionMask = 2147483647;
			files = (
			);
			runOnlyForDeploymentPostprocessing = 0;
		};
		11A36CB629354F290006081A /* Frameworks */ = {
			isa = PBXFrameworksBuildPhase;
			buildActionMask = 2147483647;
			files = (
			);
			runOnlyForDeploymentPostprocessing = 0;
		};
/* End PBXFrameworksBuildPhase section */

/* Begin PBXGroup section */
		11A36C9629354F270006081A = {
			isa = PBXGroup;
			children = (
				11A36CA129354F270006081A /* BeerPunk */,
				11A36CB229354F290006081A /* BeerPunkTests */,
				11A36CBC29354F290006081A /* BeerPunkUITests */,
				11A36CA029354F270006081A /* Products */,
			);
			sourceTree = "<group>";
		};
		11A36CA029354F270006081A /* Products */ = {
			isa = PBXGroup;
			children = (
				11A36C9F29354F270006081A /* BeerPunk.app */,
				11A36CAF29354F290006081A /* BeerPunkTests.xctest */,
				11A36CB929354F290006081A /* BeerPunkUITests.xctest */,
			);
			name = Products;
			sourceTree = "<group>";
		};
		11A36CA129354F270006081A /* BeerPunk */ = {
			isa = PBXGroup;
			children = (
				11A36CA229354F270006081A /* BeerPunkApp.swift */,
				11A36CA429354F270006081A /* ContentView.swift */,
				11A36CA629354F280006081A /* Assets.xcassets */,
				11A36CA829354F280006081A /* Preview Content */,
			);
			path = BeerPunk;
			sourceTree = "<group>";
		};
		11A36CA829354F280006081A /* Preview Content */ = {
			isa = PBXGroup;
			children = (
				11A36CA929354F280006081A /* Preview Assets.xcassets */,
			);
			path = "Preview Content";
			sourceTree = "<group>";
		};
		11A36CB229354F290006081A /* BeerPunkTests */ = {
			isa = PBXGroup;
			children = (
				11A36CB329354F290006081A /* BeerPunkTests.swift */,
			);
			path = BeerPunkTests;
			sourceTree = "<group>";
		};
		11A36CBC29354F290006081A /* BeerPunkUITests */ = {
			isa = PBXGroup;
			children = (
				11A36CBD29354F290006081A /* BeerPunkUITests.swift */,
				11A36CBF29354F290006081A /* BeerPunkUITestsLaunchTests.swift */,
			);
			path = BeerPunkUITests;
			sourceTree = "<group>";
		};
/* End PBXGroup section */

/* Begin PBXNativeTarget section */
		11A36C9E29354F270006081A /* BeerPunk */ = {
			isa = PBXNativeTarget;
			buildConfigurationList = 11A36CC329354F290006081A /* Build configuration list for PBXNativeTarget "BeerPunk" */;
			buildPhases = (
				11A36C9B29354F270006081A /* Sources */,
				11A36C9C29354F270006081A /* Frameworks */,
				11A36C9D29354F270006081A /* Resources */,
			);
			buildRules = (
			);
			dependencies = (
			);
			name = BeerPunk;
			productName = BeerPunk;
			productReference = 11A36C9F29354F270006081A /* BeerPunk.app */;
			productType = "com.apple.product-type.application";
		};
		11A36CAE29354F290006081A /* BeerPunkTests */ = {
			isa = PBXNativeTarget;
			buildConfigurationList = 11A36CC629354F290006081A /* Build configuration list for PBXNativeTarget "BeerPunkTests" */;
			buildPhases = (
				11A36CAB29354F290006081A /* Sources */,
				11A36CAC29354F290006081A /* Frameworks */,
				11A36CAD29354F290006081A /* Resources */,
			);
			buildRules = (
			);
			dependencies = (
				11A36CB129354F290006081A /* PBXTargetDependency */,
			);
			name = BeerPunkTests;
			productName = BeerPunkTests;
			productReference = 11A36CAF29354F290006081A /* BeerPunkTests.xctest */;
			productType = "com.apple.product-type.bundle.unit-test";
		};
		11A36CB829354F290006081A /* BeerPunkUITests */ = {
			isa = PBXNativeTarget;
			buildConfigurationList = 11A36CC929354F290006081A /* Build configuration list for PBXNativeTarget "BeerPunkUITests" */;
			buildPhases = (
				11A36CB529354F290006081A /* Sources */,
				11A36CB629354F290006081A /* Frameworks */,
				11A36CB729354F290006081A /* Resources */,
			);
			buildRules = (
			);
			dependencies = (
				11A36CBB29354F290006081A /* PBXTargetDependency */,
			);
			name = BeerPunkUITests;
			productName = BeerPunkUITests;
			productReference = 11A36CB929354F290006081A /* BeerPunkUITests.xctest */;
			productType = "com.apple.product-type.bundle.ui-testing";
		};
/* End PBXNativeTarget section */

/* Begin PBXProject section */
		11A36C9729354F270006081A /* Project object */ = {
			isa = PBXProject;
			attributes = {
				BuildIndependentTargetsInParallel = 1;
				LastSwiftUpdateCheck = 1410;
				LastUpgradeCheck = 1410;
				TargetAttributes = {
					11A36C9E29354F270006081A = {
						CreatedOnToolsVersion = 14.1;
					};
					11A36CAE29354F290006081A = {
						CreatedOnToolsVersion = 14.1;
						TestTargetID = 11A36C9E29354F270006081A;
					};
					11A36CB829354F290006081A = {
						CreatedOnToolsVersion = 14.1;
						TestTargetID = 11A36C9E29354F270006081A;
					};
				};
			};
			buildConfigurationList = 11A36C9A29354F270006081A /* Build configuration list for PBXProject "BeerPunk" */;
			compatibilityVersion = "Xcode 14.0";
			developmentRegion = en;
			hasScannedForEncodings = 0;
			knownRegions = (
				en,
				Base,
			);
			mainGroup = 11A36C9629354F270006081A;
			productRefGroup = 11A36CA029354F270006081A /* Products */;
			projectDirPath = "";
			projectRoot = "";
			targets = (
				11A36C9E29354F270006081A /* BeerPunk */,
				11A36CAE29354F290006081A /* BeerPunkTests */,
				11A36CB829354F290006081A /* BeerPunkUITests */,
			);
		};
/* End PBXProject section */

/* Begin PBXResourcesBuildPhase section */
		11A36C9D29354F270006081A /* Resources */ = {
			isa = PBXResourcesBuildPhase;
			buildActionMask = 2147483647;
			files = (
				11A36CAA29354F280006081A /* Preview Assets.xcassets in Resources */,
				11A36CA729354F280006081A /* Assets.xcassets in Resources */,
			);
			runOnlyForDeploymentPostprocessing = 0;
		};
		11A36CAD29354F290006081A /* Resources */ = {
			isa = PBXResourcesBuildPhase;
			buildActionMask = 2147483647;
			files = (
			);
			runOnlyForDeploymentPostprocessing = 0;
		};
		11A36CB729354F290006081A /* Resources */ = {
			isa = PBXResourcesBuildPhase;
			buildActionMask = 2147483647;
			files = (
			);
			runOnlyForDeploymentPostprocessing = 0;
		};
/* End PBXResourcesBuildPhase section */

/* Begin PBXSourcesBuildPhase section */
		11A36C9B29354F270006081A /* Sources */ = {
			isa = PBXSourcesBuildPhase;
			buildActionMask = 2147483647;
			files = (
				11A36CA529354F270006081A /* ContentView.swift in Sources */,
				11A36CA329354F270006081A /* BeerPunkApp.swift in Sources */,
			);
			runOnlyForDeploymentPostprocessing = 0;
		};
		11A36CAB29354F290006081A /* Sources */ = {
			isa = PBXSourcesBuildPhase;
			buildActionMask = 2147483647;
			files = (
				11A36CB429354F290006081A /* BeerPunkTests.swift in Sources */,
			);
			runOnlyForDeploymentPostprocessing = 0;
		};
		11A36CB529354F290006081A /* Sources */ = {
			isa = PBXSourcesBuildPhase;
			buildActionMask = 2147483647;
			files = (
				11A36CC029354F290006081A /* BeerPunkUITestsLaunchTests.swift in Sources */,
				11A36CBE29354F290006081A /* BeerPunkUITests.swift in Sources */,
			);
			runOnlyForDeploymentPostprocessing = 0;
		};
/* End PBXSourcesBuildPhase section */

/* Begin PBXTargetDependency section */
		11A36CB129354F290006081A /* PBXTargetDependency */ = {
			isa = PBXTargetDependency;
			target = 11A36C9E29354F270006081A /* BeerPunk */;
			targetProxy = 11A36CB029354F290006081A /* PBXContainerItemProxy */;
		};
		11A36CBB29354F290006081A /* PBXTargetDependency */ = {
			isa = PBXTargetDependency;
			target = 11A36C9E29354F270006081A /* BeerPunk */;
			targetProxy = 11A36CBA29354F290006081A /* PBXContainerItemProxy */;
		};
/* End PBXTargetDependency section */

/* Begin XCBuildConfiguration section */
		11A36CC129354F290006081A /* Debug */ = {
			isa = XCBuildConfiguration;
			buildSettings = {
				ALWAYS_SEARCH_USER_PATHS = NO;
				CLANG_ANALYZER_NONNULL = YES;
				CLANG_ANALYZER_NUMBER_OBJECT_CONVERSION = YES_AGGRESSIVE;
				CLANG_CXX_LANGUAGE_STANDARD = "gnu++20";
				CLANG_ENABLE_MODULES = YES;
				CLANG_ENABLE_OBJC_ARC = YES;
				CLANG_ENABLE_OBJC_WEAK = YES;
				CLANG_WARN_BLOCK_CAPTURE_AUTORELEASING = YES;
				CLANG_WARN_BOOL_CONVERSION = YES;
				CLANG_WARN_COMMA = YES;
				CLANG_WARN_CONSTANT_CONVERSION = YES;
				CLANG_WARN_DEPRECATED_OBJC_IMPLEMENTATIONS = YES;
				CLANG_WARN_DIRECT_OBJC_ISA_USAGE = YES_ERROR;
				CLANG_WARN_DOCUMENTATION_COMMENTS = YES;
				CLANG_WARN_EMPTY_BODY = YES;
				CLANG_WARN_ENUM_CONVERSION = YES;
				CLANG_WARN_INFINITE_RECURSION = YES;
				CLANG_WARN_INT_CONVERSION = YES;
				CLANG_WARN_NON_LITERAL_NULL_CONVERSION = YES;
				CLANG_WARN_OBJC_IMPLICIT_RETAIN_SELF = YES;
				CLANG_WARN_OBJC_LITERAL_CONVERSION = YES;
				CLANG_WARN_OBJC_ROOT_CLASS = YES_ERROR;
				CLANG_WARN_QUOTED_INCLUDE_IN_FRAMEWORK_HEADER = YES;
				CLANG_WARN_RANGE_LOOP_ANALYSIS = YES;
				CLANG_WARN_STRICT_PROTOTYPES = YES;
				CLANG_WARN_SUSPICIOUS_MOVE = YES;
				CLANG_WARN_UNGUARDED_AVAILABILITY = YES_AGGRESSIVE;
				CLANG_WARN_UNREACHABLE_CODE = YES;
				CLANG_WARN__DUPLICATE_METHOD_MATCH = YES;
				COPY_PHASE_STRIP = NO;
				DEBUG_INFORMATION_FORMAT = dwarf;
				ENABLE_STRICT_OBJC_MSGSEND = YES;
				ENABLE_TESTABILITY = YES;
				GCC_C_LANGUAGE_STANDARD = gnu11;
				GCC_DYNAMIC_NO_PIC = NO;
				GCC_NO_COMMON_BLOCKS = YES;
				GCC_OPTIMIZATION_LEVEL = 0;
				GCC_PREPROCESSOR_DEFINITIONS = (
					"DEBUG=1",
					"$(inherited)",
				);
				GCC_WARN_64_TO_32_BIT_CONVERSION = YES;
				GCC_WARN_ABOUT_RETURN_TYPE = YES_ERROR;
				GCC_WARN_UNDECLARED_SELECTOR = YES;
				GCC_WARN_UNINITIALIZED_AUTOS = YES_AGGRESSIVE;
				GCC_WARN_UNUSED_FUNCTION = YES;
				GCC_WARN_UNUSED_VARIABLE = YES;
				IPHONEOS_DEPLOYMENT_TARGET = 16.1;
				MTL_ENABLE_DEBUG_INFO = INCLUDE_SOURCE;
				MTL_FAST_MATH = YES;
				ONLY_ACTIVE_ARCH = YES;
				SDKROOT = iphoneos;
				SWIFT_ACTIVE_COMPILATION_CONDITIONS = DEBUG;
				SWIFT_OPTIMIZATION_LEVEL = "-Onone";
			};
			name = Debug;
		};
		11A36CC229354F290006081A /* Release */ = {
			isa = XCBuildConfiguration;
			buildSettings = {
				ALWAYS_SEARCH_USER_PATHS = NO;
				CLANG_ANALYZER_NONNULL = YES;
				CLANG_ANALYZER_NUMBER_OBJECT_CONVERSION = YES_AGGRESSIVE;
				CLANG_CXX_LANGUAGE_STANDARD = "gnu++20";
				CLANG_ENABLE_MODULES = YES;
				CLANG_ENABLE_OBJC_ARC = YES;
				CLANG_ENABLE_OBJC_WEAK = YES;
				CLANG_WARN_BLOCK_CAPTURE_AUTORELEASING = YES;
				CLANG_WARN_BOOL_CONVERSION = YES;
				CLANG_WARN_COMMA = YES;
				CLANG_WARN_CONSTANT_CONVERSION = YES;
				CLANG_WARN_DEPRECATED_OBJC_IMPLEMENTATIONS = YES;
				CLANG_WARN_DIRECT_OBJC_ISA_USAGE = YES_ERROR;
				CLANG_WARN_DOCUMENTATION_COMMENTS = YES;
				CLANG_WARN_EMPTY_BODY = YES;
				CLANG_WARN_ENUM_CONVERSION = YES;
				CLANG_WARN_INFINITE_RECURSION = YES;
				CLANG_WARN_INT_CONVERSION = YES;
				CLANG_WARN_NON_LITERAL_NULL_CONVERSION = YES;
				CLANG_WARN_OBJC_IMPLICIT_RETAIN_SELF = YES;
				CLANG_WARN_OBJC_LITERAL_CONVERSION = YES;
				CLANG_WARN_OBJC_ROOT_CLASS = YES_ERROR;
				CLANG_WARN_QUOTED_INCLUDE_IN_FRAMEWORK_HEADER = YES;
				CLANG_WARN_RANGE_LOOP_ANALYSIS = YES;
				CLANG_WARN_STRICT_PROTOTYPES = YES;
				CLANG_WARN_SUSPICIOUS_MOVE = YES;
				CLANG_WARN_UNGUARDED_AVAILABILITY = YES_AGGRESSIVE;
				CLANG_WARN_UNREACHABLE_CODE = YES;
				CLANG_WARN__DUPLICATE_METHOD_MATCH = YES;
				COPY_PHASE_STRIP = NO;
				DEBUG_INFORMATION_FORMAT = "dwarf-with-dsym";
				ENABLE_NS_ASSERTIONS = NO;
				ENABLE_STRICT_OBJC_MSGSEND = YES;
				GCC_C_LANGUAGE_STANDARD = gnu11;
				GCC_NO_COMMON_BLOCKS = YES;
				GCC_WARN_64_TO_32_BIT_CONVERSION = YES;
				GCC_WARN_ABOUT_RETURN_TYPE = YES_ERROR;
				GCC_WARN_UNDECLARED_SELECTOR = YES;
				GCC_WARN_UNINITIALIZED_AUTOS = YES_AGGRESSIVE;
				GCC_WARN_UNUSED_FUNCTION = YES;
				GCC_WARN_UNUSED_VARIABLE = YES;
				IPHONEOS_DEPLOYMENT_TARGET = 16.1;
				MTL_ENABLE_DEBUG_INFO = NO;
				MTL_FAST_MATH = YES;
				SDKROOT = iphoneos;
				SWIFT_COMPILATION_MODE = wholemodule;
				SWIFT_OPTIMIZATION_LEVEL = "-O";
				VALIDATE_PRODUCT = YES;
			};
			name = Release;
		};
		11A36CC429354F290006081A /* Debug */ = {
			isa = XCBuildConfiguration;
			buildSettings = {
				ASSETCATALOG_COMPILER_APPICON_NAME = AppIcon;
				ASSETCATALOG_COMPILER_GLOBAL_ACCENT_COLOR_NAME = AccentColor;
				CODE_SIGN_STYLE = Automatic;
				CURRENT_PROJECT_VERSION = 1;
				DEVELOPMENT_ASSET_PATHS = "\"BeerPunk/Preview Content\"";
				DEVELOPMENT_TEAM = P5Q8FB5XBG;
				ENABLE_PREVIEWS = YES;
				GENERATE_INFOPLIST_FILE = YES;
				INFOPLIST_KEY_UIApplicationSceneManifest_Generation = YES;
				INFOPLIST_KEY_UIApplicationSupportsIndirectInputEvents = YES;
				INFOPLIST_KEY_UILaunchScreen_Generation = YES;
				INFOPLIST_KEY_UISupportedInterfaceOrientations_iPad = "UIInterfaceOrientationPortrait UIInterfaceOrientationPortraitUpsideDown UIInterfaceOrientationLandscapeLeft UIInterfaceOrientationLandscapeRight";
				INFOPLIST_KEY_UISupportedInterfaceOrientations_iPhone = "UIInterfaceOrientationPortrait UIInterfaceOrientationLandscapeLeft UIInterfaceOrientationLandscapeRight";
				LD_RUNPATH_SEARCH_PATHS = (
					"$(inherited)",
					"@executable_path/Frameworks",
				);
				MARKETING_VERSION = 1.0;
				PRODUCT_BUNDLE_IDENTIFIER = com.laudien.BeerPunk;
				PRODUCT_NAME = "$(TARGET_NAME)";
				SWIFT_EMIT_LOC_STRINGS = YES;
				SWIFT_VERSION = 5.0;
				TARGETED_DEVICE_FAMILY = "1,2";
			};
			name = Debug;
		};
		11A36CC529354F290006081A /* Release */ = {
			isa = XCBuildConfiguration;
			buildSettings = {
				ASSETCATALOG_COMPILER_APPICON_NAME = AppIcon;
				ASSETCATALOG_COMPILER_GLOBAL_ACCENT_COLOR_NAME = AccentColor;
				CODE_SIGN_STYLE = Automatic;
				CURRENT_PROJECT_VERSION = 1;
				DEVELOPMENT_ASSET_PATHS = "\"BeerPunk/Preview Content\"";
				DEVELOPMENT_TEAM = P5Q8FB5XBG;
				ENABLE_PREVIEWS = YES;
				GENERATE_INFOPLIST_FILE = YES;
				INFOPLIST_KEY_UIApplicationSceneManifest_Generation = YES;
				INFOPLIST_KEY_UIApplicationSupportsIndirectInputEvents = YES;
				INFOPLIST_KEY_UILaunchScreen_Generation = YES;
				INFOPLIST_KEY_UISupportedInterfaceOrientations_iPad = "UIInterfaceOrientationPortrait UIInterfaceOrientationPortraitUpsideDown UIInterfaceOrientationLandscapeLeft UIInterfaceOrientationLandscapeRight";
				INFOPLIST_KEY_UISupportedInterfaceOrientations_iPhone = "UIInterfaceOrientationPortrait UIInterfaceOrientationLandscapeLeft UIInterfaceOrientationLandscapeRight";
				LD_RUNPATH_SEARCH_PATHS = (
					"$(inherited)",
					"@executable_path/Frameworks",
				);
				MARKETING_VERSION = 1.0;
				PRODUCT_BUNDLE_IDENTIFIER = com.laudien.BeerPunk;
				PRODUCT_NAME = "$(TARGET_NAME)";
				SWIFT_EMIT_LOC_STRINGS = YES;
				SWIFT_VERSION = 5.0;
				TARGETED_DEVICE_FAMILY = "1,2";
			};
			name = Release;
		};
		11A36CC729354F290006081A /* Debug */ = {
			isa = XCBuildConfiguration;
			buildSettings = {
				ALWAYS_EMBED_SWIFT_STANDARD_LIBRARIES = YES;
				BUNDLE_LOADER = "$(TEST_HOST)";
				CODE_SIGN_STYLE = Automatic;
				CURRENT_PROJECT_VERSION = 1;
				DEVELOPMENT_TEAM = P5Q8FB5XBG;
				GENERATE_INFOPLIST_FILE = YES;
				IPHONEOS_DEPLOYMENT_TARGET = 16.1;
				MARKETING_VERSION = 1.0;
				PRODUCT_BUNDLE_IDENTIFIER = com.laudien.BeerPunkTests;
				PRODUCT_NAME = "$(TARGET_NAME)";
				SWIFT_EMIT_LOC_STRINGS = NO;
				SWIFT_VERSION = 5.0;
				TARGETED_DEVICE_FAMILY = "1,2";
				TEST_HOST = "$(BUILT_PRODUCTS_DIR)/BeerPunk.app/$(BUNDLE_EXECUTABLE_FOLDER_PATH)/BeerPunk";
			};
			name = Debug;
		};
		11A36CC829354F290006081A /* Release */ = {
			isa = XCBuildConfiguration;
			buildSettings = {
				ALWAYS_EMBED_SWIFT_STANDARD_LIBRARIES = YES;
				BUNDLE_LOADER = "$(TEST_HOST)";
				CODE_SIGN_STYLE = Automatic;
				CURRENT_PROJECT_VERSION = 1;
				DEVELOPMENT_TEAM = P5Q8FB5XBG;
				GENERATE_INFOPLIST_FILE = YES;
				IPHONEOS_DEPLOYMENT_TARGET = 16.1;
				MARKETING_VERSION = 1.0;
				PRODUCT_BUNDLE_IDENTIFIER = com.laudien.BeerPunkTests;
				PRODUCT_NAME = "$(TARGET_NAME)";
				SWIFT_EMIT_LOC_STRINGS = NO;
				SWIFT_VERSION = 5.0;
				TARGETED_DEVICE_FAMILY = "1,2";
				TEST_HOST = "$(BUILT_PRODUCTS_DIR)/BeerPunk.app/$(BUNDLE_EXECUTABLE_FOLDER_PATH)/BeerPunk";
			};
			name = Release;
		};
		11A36CCA29354F290006081A /* Debug */ = {
			isa = XCBuildConfiguration;
			buildSettings = {
				ALWAYS_EMBED_SWIFT_STANDARD_LIBRARIES = YES;
				CODE_SIGN_STYLE = Automatic;
				CURRENT_PROJECT_VERSION = 1;
				DEVELOPMENT_TEAM = P5Q8FB5XBG;
				GENERATE_INFOPLIST_FILE = YES;
				MARKETING_VERSION = 1.0;
				PRODUCT_BUNDLE_IDENTIFIER = com.laudien.BeerPunkUITests;
				PRODUCT_NAME = "$(TARGET_NAME)";
				SWIFT_EMIT_LOC_STRINGS = NO;
				SWIFT_VERSION = 5.0;
				TARGETED_DEVICE_FAMILY = "1,2";
				TEST_TARGET_NAME = BeerPunk;
			};
			name = Debug;
		};
		11A36CCB29354F290006081A /* Release */ = {
			isa = XCBuildConfiguration;
			buildSettings = {
				ALWAYS_EMBED_SWIFT_STANDARD_LIBRARIES = YES;
				CODE_SIGN_STYLE = Automatic;
				CURRENT_PROJECT_VERSION = 1;
				DEVELOPMENT_TEAM = P5Q8FB5XBG;
				GENERATE_INFOPLIST_FILE = YES;
				MARKETING_VERSION = 1.0;
				PRODUCT_BUNDLE_IDENTIFIER = com.laudien.BeerPunkUITests;
				PRODUCT_NAME = "$(TARGET_NAME)";
				SWIFT_EMIT_LOC_STRINGS = NO;
				SWIFT_VERSION = 5.0;
				TARGETED_DEVICE_FAMILY = "1,2";
				TEST_TARGET_NAME = BeerPunk;
			};
			name = Release;
		};
/* End XCBuildConfiguration section */

/* Begin XCConfigurationList section */
		11A36C9A29354F270006081A /* Build configuration list for PBXProject "BeerPunk" */ = {
			isa = XCConfigurationList;
			buildConfigurations = (
				11A36CC129354F290006081A /* Debug */,
				11A36CC229354F290006081A /* Release */,
			);
			defaultConfigurationIsVisible = 0;
			defaultConfigurationName = Release;
		};
		11A36CC329354F290006081A /* Build configuration list for PBXNativeTarget "BeerPunk" */ = {
			isa = XCConfigurationList;
			buildConfigurations = (
				11A36CC429354F290006081A /* Debug */,
				11A36CC529354F290006081A /* Release */,
			);
			defaultConfigurationIsVisible = 0;
			defaultConfigurationName = Release;
		};
		11A36CC629354F290006081A /* Build configuration list for PBXNativeTarget "BeerPunkTests" */ = {
			isa = XCConfigurationList;
			buildConfigurations = (
				11A36CC729354F290006081A /* Debug */,
				11A36CC829354F290006081A /* Release */,
			);
			defaultConfigurationIsVisible = 0;
			defaultConfigurationName = Release;
		};
		11A36CC929354F290006081A /* Build configuration list for PBXNativeTarget "BeerPunkUITests" */ = {
			isa = XCConfigurationList;
			buildConfigurations = (
				11A36CCA29354F290006081A /* Debug */,
				11A36CCB29354F290006081A /* Release */,
			);
			defaultConfigurationIsVisible = 0;
			defaultConfigurationName = Release;
		};
/* End XCConfigurationList section */
	};
	rootObject = 11A36C9729354F270006081A /* Project object */;
}
